
Microsoft Visual Studio Solution File, Format Version 12.00
# Visual Studio Version 17
VisualStudioVersion = 17.0.32014.148
MinimumVisualStudioVersion = 10.0.40219.1
Project("{9A19103F-16F7-4668-BE54-9A1E7A4F7556}") = "ProvHash.Console", "ProvHash.Console\ProvHash.Console.csproj", "{2F1106BE-8BAE-4D50-8BB9-F02A62A612C5}"
EndProject
Project("{FAE04EC0-301F-11D3-BF4B-00C04F79EFBC}") = "ProvHash", "ProvHash\ProvHash.csproj", "{B9C0B484-9E5F-4396-AA78-5E5C33898055}"
EndProject
Global
	GlobalSection(SolutionConfigurationPlatforms) = preSolution
		Debug|Any CPU = Debug|Any CPU
		Release|Any CPU = Release|Any CPU
	EndGlobalSection
	GlobalSection(ProjectConfigurationPlatforms) = postSolution
		{2F1106BE-8BAE-4D50-8BB9-F02A62A612C5}.Debug|Any CPU.ActiveCfg = Debug|Any CPU
		{2F1106BE-8BAE-4D50-8BB9-F02A62A612C5}.Debug|Any CPU.Build.0 = Debug|Any CPU
		{2F1106BE-8BAE-4D50-8BB9-F02A62A612C5}.Release|Any CPU.ActiveCfg = Release|Any CPU
		{2F1106BE-8BAE-4D50-8BB9-F02A62A612C5}.Release|Any CPU.Build.0 = Release|Any CPU
		{B9C0B484-9E5F-4396-AA78-5E5C33898055}.Debug|Any CPU.ActiveCfg = Debug|Any CPU
		{B9C0B484-9E5F-4396-AA78-5E5C33898055}.Debug|Any CPU.Build.0 = Debug|Any CPU
		{B9C0B484-9E5F-4396-AA78-5E5C33898055}.Release|Any CPU.ActiveCfg = Release|Any CPU
		{B9C0B484-9E5F-4396-AA78-5E5C33898055}.Release|Any CPU.Build.0 = Release|Any CPU
	EndGlobalSection
	GlobalSection(SolutionProperties) = preSolution
		HideSolutionNode = FALSE
	EndGlobalSection
	GlobalSection(ExtensibilityGlobals) = postSolution
		SolutionGuid = {EC7127A3-C311-460F-BA4F-DE227F488F28}
	EndGlobalSection
EndGlobal
